
Microsoft Visual Studio Solution File, Format Version 12.00
# Visual Studio Version 16
VisualStudioVersion = 16.0.30517.126
MinimumVisualStudioVersion = 10.0.40219.1
Project("{FAE04EC0-301F-11D3-BF4B-00C04F79EFBC}") = "compareLine", "compareLine\compareLine.csproj", "{8BE8681F-4AC9-41CA-82AC-48FCB540E8D4}"
EndProject
Global
	GlobalSection(SolutionConfigurationPlatforms) = preSolution
		Debug|Any CPU = Debug|Any CPU
		Release|Any CPU = Release|Any CPU
	EndGlobalSection
	GlobalSection(ProjectConfigurationPlatforms) = postSolution
		{8BE8681F-4AC9-41CA-82AC-48FCB540E8D4}.Debug|Any CPU.ActiveCfg = Debug|Any CPU
		{8BE8681F-4AC9-41CA-82AC-48FCB540E8D4}.Debug|Any CPU.Build.0 = Debug|Any CPU
		{8BE8681F-4AC9-41CA-82AC-48FCB540E8D4}.Release|Any CPU.ActiveCfg = Release|Any CPU
		{8BE8681F-4AC9-41CA-82AC-48FCB540E8D4}.Release|Any CPU.Build.0 = Release|Any CPU
	EndGlobalSection
	GlobalSection(SolutionProperties) = preSolution
		HideSolutionNode = FALSE
	EndGlobalSection
	GlobalSection(ExtensibilityGlobals) = postSolution
		SolutionGuid = {84682DE8-FB40-4D4A-B95B-795F2D5D84B5}
	EndGlobalSection
EndGlobal
